
Microsoft Visual Studio Solution File, Format Version 12.00
# Visual Studio Version 16
VisualStudioVersion = 16.0.30907.101
MinimumVisualStudioVersion = 10.0.40219.1
Project("{9A19103F-16F7-4668-BE54-9A1E7A4F7556}") = "Entities", "Entities\Entities.csproj", "{B372FAC8-6482-4288-9094-77220FA87ACB}"
EndProject
Project("{9A19103F-16F7-4668-BE54-9A1E7A4F7556}") = "DataAccess", "DataAccess\DataAccess.csproj", "{459602BD-EF51-4F6F-A1CA-14DF729396CB}"
EndProject
Project("{9A19103F-16F7-4668-BE54-9A1E7A4F7556}") = "Business", "Business\Business.csproj", "{D604F8C3-2034-4EE7-8BC6-F164363A3065}"
EndProject
Project("{9A19103F-16F7-4668-BE54-9A1E7A4F7556}") = "ConsoleUI", "ConsoleUI\ConsoleUI.csproj", "{D7451BC3-AC8E-498C-B442-D7F14307B88A}"
EndProject
Project("{FAE04EC0-301F-11D3-BF4B-00C04F79EFBC}") = "Core", "Core\Core.csproj", "{88910934-E1BF-4855-A5D4-4666771760DE}"
EndProject
Global
	GlobalSection(SolutionConfigurationPlatforms) = preSolution
		Debug|Any CPU = Debug|Any CPU
		Release|Any CPU = Release|Any CPU
	EndGlobalSection
	GlobalSection(ProjectConfigurationPlatforms) = postSolution
		{B372FAC8-6482-4288-9094-77220FA87ACB}.Debug|Any CPU.ActiveCfg = Debug|Any CPU
		{B372FAC8-6482-4288-9094-77220FA87ACB}.Debug|Any CPU.Build.0 = Debug|Any CPU
		{B372FAC8-6482-4288-9094-77220FA87ACB}.Release|Any CPU.ActiveCfg = Release|Any CPU
		{B372FAC8-6482-4288-9094-77220FA87ACB}.Release|Any CPU.Build.0 = Release|Any CPU
		{459602BD-EF51-4F6F-A1CA-14DF729396CB}.Debug|Any CPU.ActiveCfg = Debug|Any CPU
		{459602BD-EF51-4F6F-A1CA-14DF729396CB}.Debug|Any CPU.Build.0 = Debug|Any CPU
		{459602BD-EF51-4F6F-A1CA-14DF729396CB}.Release|Any CPU.ActiveCfg = Release|Any CPU
		{459602BD-EF51-4F6F-A1CA-14DF729396CB}.Release|Any CPU.Build.0 = Release|Any CPU
		{D604F8C3-2034-4EE7-8BC6-F164363A3065}.Debug|Any CPU.ActiveCfg = Debug|Any CPU
		{D604F8C3-2034-4EE7-8BC6-F164363A3065}.Debug|Any CPU.Build.0 = Debug|Any CPU
		{D604F8C3-2034-4EE7-8BC6-F164363A3065}.Release|Any CPU.ActiveCfg = Release|Any CPU
		{D604F8C3-2034-4EE7-8BC6-F164363A3065}.Release|Any CPU.Build.0 = Release|Any CPU
		{D7451BC3-AC8E-498C-B442-D7F14307B88A}.Debug|Any CPU.ActiveCfg = Debug|Any CPU
		{D7451BC3-AC8E-498C-B442-D7F14307B88A}.Debug|Any CPU.Build.0 = Debug|Any CPU
		{D7451BC3-AC8E-498C-B442-D7F14307B88A}.Release|Any CPU.ActiveCfg = Release|Any CPU
		{D7451BC3-AC8E-498C-B442-D7F14307B88A}.Release|Any CPU.Build.0 = Release|Any CPU
		{88910934-E1BF-4855-A5D4-4666771760DE}.Debug|Any CPU.ActiveCfg = Debug|Any CPU
		{88910934-E1BF-4855-A5D4-4666771760DE}.Debug|Any CPU.Build.0 = Debug|Any CPU
		{88910934-E1BF-4855-A5D4-4666771760DE}.Release|Any CPU.ActiveCfg = Release|Any CPU
		{88910934-E1BF-4855-A5D4-4666771760DE}.Release|Any CPU.Build.0 = Release|Any CPU
	EndGlobalSection
	GlobalSection(SolutionProperties) = preSolution
		HideSolutionNode = FALSE
	EndGlobalSection
	GlobalSection(ExtensibilityGlobals) = postSolution
		SolutionGuid = {D0CD6229-DE3D-4CB1-A7F9-A908B6A1202C}
	EndGlobalSection
EndGlobal
